
Microsoft Visual Studio Solution File, Format Version 12.00
# Visual Studio 15
VisualStudioVersion = 15.0.28307.271
MinimumVisualStudioVersion = 10.0.40219.1
Project("{FAE04EC0-301F-11D3-BF4B-00C04F79EFBC}") = "Recuersos Humanos", "Recuersos Humanos\Recuersos Humanos.csproj", "{4E3077BF-FC3D-497C-961B-E2AC7190BF2C}"
EndProject
Global
	GlobalSection(SolutionConfigurationPlatforms) = preSolution
		Debug|Any CPU = Debug|Any CPU
		Release|Any CPU = Release|Any CPU
	EndGlobalSection
	GlobalSection(ProjectConfigurationPlatforms) = postSolution
		{4E3077BF-FC3D-497C-961B-E2AC7190BF2C}.Debug|Any CPU.ActiveCfg = Debug|Any CPU
		{4E3077BF-FC3D-497C-961B-E2AC7190BF2C}.Debug|Any CPU.Build.0 = Debug|Any CPU
		{4E3077BF-FC3D-497C-961B-E2AC7190BF2C}.Release|Any CPU.ActiveCfg = Release|Any CPU
		{4E3077BF-FC3D-497C-961B-E2AC7190BF2C}.Release|Any CPU.Build.0 = Release|Any CPU
	EndGlobalSection
	GlobalSection(SolutionProperties) = preSolution
		HideSolutionNode = FALSE
	EndGlobalSection
	GlobalSection(ExtensibilityGlobals) = postSolution
		SolutionGuid = {675AD276-A96D-4194-8751-13AD4952A1D6}
	EndGlobalSection
EndGlobal
